// !$*UTF8*$!
{
	archiveVersion = 1;
	classes = {
	};
	objectVersion = 46;
	objects = {

/* Begin PBXBuildFile section */
		053DBECD1F2F425700988200 /* UIViewExtensions.swift in Sources */ = {isa = PBXBuildFile; fileRef = 053DBECC1F2F425700988200 /* UIViewExtensions.swift */; };
		05A197351F430DAD007326D1 /* Distances.swift in Sources */ = {isa = PBXBuildFile; fileRef = 05A197341F430DAD007326D1 /* Distances.swift */; };
		05CBFDE01F26F7AD003EC66B /* AppDelegate.swift in Sources */ = {isa = PBXBuildFile; fileRef = 05CBFDDF1F26F7AD003EC66B /* AppDelegate.swift */; };
		05CBFDE21F26F7AD003EC66B /* ViewController.swift in Sources */ = {isa = PBXBuildFile; fileRef = 05CBFDE11F26F7AD003EC66B /* ViewController.swift */; };
		05CBFDE51F26F7AD003EC66B /* Main.storyboard in Resources */ = {isa = PBXBuildFile; fileRef = 05CBFDE31F26F7AD003EC66B /* Main.storyboard */; };
		05CBFDE71F26F7AD003EC66B /* Assets.xcassets in Resources */ = {isa = PBXBuildFile; fileRef = 05CBFDE61F26F7AD003EC66B /* Assets.xcassets */; };
		05CBFDEA1F26F7AD003EC66B /* LaunchScreen.storyboard in Resources */ = {isa = PBXBuildFile; fileRef = 05CBFDE81F26F7AD003EC66B /* LaunchScreen.storyboard */; };
		05CBFDF51F26F7AD003EC66B /* MazesTests.swift in Sources */ = {isa = PBXBuildFile; fileRef = 05CBFDF41F26F7AD003EC66B /* MazesTests.swift */; };
		05CBFE011F26FA13003EC66B /* GridConstructor.swift in Sources */ = {isa = PBXBuildFile; fileRef = 05CBFE001F26FA13003EC66B /* GridConstructor.swift */; };
		05CBFE031F26FA1E003EC66B /* Cell.swift in Sources */ = {isa = PBXBuildFile; fileRef = 05CBFE021F26FA1E003EC66B /* Cell.swift */; };
		05CBFE061F27629F003EC66B /* CellTests.swift in Sources */ = {isa = PBXBuildFile; fileRef = 05CBFE051F27629F003EC66B /* CellTests.swift */; };
		05CBFE081F2777AF003EC66B /* Random.swift in Sources */ = {isa = PBXBuildFile; fileRef = 05CBFE071F2777AF003EC66B /* Random.swift */; };
		05CBFE0D1F283E37003EC66B /* GridConstructorTests.swift in Sources */ = {isa = PBXBuildFile; fileRef = 05CBFE0C1F283E37003EC66B /* GridConstructorTests.swift */; };
		05CBFE0F1F283E53003EC66B /* GridWrapper.swift in Sources */ = {isa = PBXBuildFile; fileRef = 05CBFE0E1F283E53003EC66B /* GridWrapper.swift */; };
		05CBFE141F284645003EC66B /* BinaryTree.swift in Sources */ = {isa = PBXBuildFile; fileRef = 05CBFE131F284645003EC66B /* BinaryTree.swift */; };
		05CBFE171F285FD8003EC66B /* AlgorithmsTests.swift in Sources */ = {isa = PBXBuildFile; fileRef = 05CBFE161F285FD8003EC66B /* AlgorithmsTests.swift */; };
		05CBFE191F2860BA003EC66B /* ArrayExtensions.swift in Sources */ = {isa = PBXBuildFile; fileRef = 05CBFE181F2860BA003EC66B /* ArrayExtensions.swift */; };
		05CBFE1B1F287769003EC66B /* Sidewinder.swift in Sources */ = {isa = PBXBuildFile; fileRef = 05CBFE1A1F287769003EC66B /* Sidewinder.swift */; };
		05D5AAAF1F2C5CCD00456417 /* MazeContainer.swift in Sources */ = {isa = PBXBuildFile; fileRef = 05D5AAAE1F2C5CCD00456417 /* MazeContainer.swift */; };
/* End PBXBuildFile section */

/* Begin PBXContainerItemProxy section */
		05CBFDF11F26F7AD003EC66B /* PBXContainerItemProxy */ = {
			isa = PBXContainerItemProxy;
			containerPortal = 05CBFDD41F26F7AD003EC66B /* Project object */;
			proxyType = 1;
			remoteGlobalIDString = 05CBFDDB1F26F7AD003EC66B;
			remoteInfo = Mazes;
		};
/* End PBXContainerItemProxy section */

/* Begin PBXFileReference section */
		053DBECC1F2F425700988200 /* UIViewExtensions.swift */ = {isa = PBXFileReference; fileEncoding = 4; lastKnownFileType = sourcecode.swift; path = UIViewExtensions.swift; sourceTree = "<group>"; };
		05A197341F430DAD007326D1 /* Distances.swift */ = {isa = PBXFileReference; fileEncoding = 4; lastKnownFileType = sourcecode.swift; path = Distances.swift; sourceTree = "<group>"; };
		05CBFDDC1F26F7AD003EC66B /* Mazes.app */ = {isa = PBXFileReference; explicitFileType = wrapper.application; includeInIndex = 0; path = Mazes.app; sourceTree = BUILT_PRODUCTS_DIR; };
		05CBFDDF1F26F7AD003EC66B /* AppDelegate.swift */ = {isa = PBXFileReference; lastKnownFileType = sourcecode.swift; path = AppDelegate.swift; sourceTree = "<group>"; };
		05CBFDE11F26F7AD003EC66B /* ViewController.swift */ = {isa = PBXFileReference; lastKnownFileType = sourcecode.swift; path = ViewController.swift; sourceTree = "<group>"; };
		05CBFDE41F26F7AD003EC66B /* Base */ = {isa = PBXFileReference; lastKnownFileType = file.storyboard; name = Base; path = Base.lproj/Main.storyboard; sourceTree = "<group>"; };
		05CBFDE61F26F7AD003EC66B /* Assets.xcassets */ = {isa = PBXFileReference; lastKnownFileType = folder.assetcatalog; path = Assets.xcassets; sourceTree = "<group>"; };
		05CBFDE91F26F7AD003EC66B /* Base */ = {isa = PBXFileReference; lastKnownFileType = file.storyboard; name = Base; path = Base.lproj/LaunchScreen.storyboard; sourceTree = "<group>"; };
		05CBFDEB1F26F7AD003EC66B /* Info.plist */ = {isa = PBXFileReference; lastKnownFileType = text.plist.xml; path = Info.plist; sourceTree = "<group>"; };
		05CBFDF01F26F7AD003EC66B /* MazesTests.xctest */ = {isa = PBXFileReference; explicitFileType = wrapper.cfbundle; includeInIndex = 0; path = MazesTests.xctest; sourceTree = BUILT_PRODUCTS_DIR; };
		05CBFDF41F26F7AD003EC66B /* MazesTests.swift */ = {isa = PBXFileReference; lastKnownFileType = sourcecode.swift; path = MazesTests.swift; sourceTree = "<group>"; };
		05CBFDF61F26F7AD003EC66B /* Info.plist */ = {isa = PBXFileReference; lastKnownFileType = text.plist.xml; path = Info.plist; sourceTree = "<group>"; };
		05CBFE001F26FA13003EC66B /* GridConstructor.swift */ = {isa = PBXFileReference; fileEncoding = 4; lastKnownFileType = sourcecode.swift; path = GridConstructor.swift; sourceTree = "<group>"; };
		05CBFE021F26FA1E003EC66B /* Cell.swift */ = {isa = PBXFileReference; fileEncoding = 4; lastKnownFileType = sourcecode.swift; path = Cell.swift; sourceTree = "<group>"; };
		05CBFE051F27629F003EC66B /* CellTests.swift */ = {isa = PBXFileReference; fileEncoding = 4; lastKnownFileType = sourcecode.swift; path = CellTests.swift; sourceTree = "<group>"; };
		05CBFE071F2777AF003EC66B /* Random.swift */ = {isa = PBXFileReference; fileEncoding = 4; lastKnownFileType = sourcecode.swift; path = Random.swift; sourceTree = "<group>"; };
		05CBFE0C1F283E37003EC66B /* GridConstructorTests.swift */ = {isa = PBXFileReference; fileEncoding = 4; lastKnownFileType = sourcecode.swift; path = GridConstructorTests.swift; sourceTree = "<group>"; };
		05CBFE0E1F283E53003EC66B /* GridWrapper.swift */ = {isa = PBXFileReference; fileEncoding = 4; lastKnownFileType = sourcecode.swift; path = GridWrapper.swift; sourceTree = "<group>"; };
		05CBFE131F284645003EC66B /* BinaryTree.swift */ = {isa = PBXFileReference; fileEncoding = 4; lastKnownFileType = sourcecode.swift; path = BinaryTree.swift; sourceTree = "<group>"; };
		05CBFE161F285FD8003EC66B /* AlgorithmsTests.swift */ = {isa = PBXFileReference; fileEncoding = 4; lastKnownFileType = sourcecode.swift; path = AlgorithmsTests.swift; sourceTree = "<group>"; };
		05CBFE181F2860BA003EC66B /* ArrayExtensions.swift */ = {isa = PBXFileReference; fileEncoding = 4; lastKnownFileType = sourcecode.swift; path = ArrayExtensions.swift; sourceTree = "<group>"; };
		05CBFE1A1F287769003EC66B /* Sidewinder.swift */ = {isa = PBXFileReference; fileEncoding = 4; lastKnownFileType = sourcecode.swift; path = Sidewinder.swift; sourceTree = "<group>"; };
		05D5AAAE1F2C5CCD00456417 /* MazeContainer.swift */ = {isa = PBXFileReference; fileEncoding = 4; lastKnownFileType = sourcecode.swift; path = MazeContainer.swift; sourceTree = "<group>"; };
/* End PBXFileReference section */

/* Begin PBXFrameworksBuildPhase section */
		05CBFDD91F26F7AD003EC66B /* Frameworks */ = {
			isa = PBXFrameworksBuildPhase;
			buildActionMask = 2147483647;
			files = (
			);
			runOnlyForDeploymentPostprocessing = 0;
		};
		05CBFDED1F26F7AD003EC66B /* Frameworks */ = {
			isa = PBXFrameworksBuildPhase;
			buildActionMask = 2147483647;
			files = (
			);
			runOnlyForDeploymentPostprocessing = 0;
		};
/* End PBXFrameworksBuildPhase section */

/* Begin PBXGroup section */
		05CBFDD31F26F7AD003EC66B = {
			isa = PBXGroup;
			children = (
				05CBFDDE1F26F7AD003EC66B /* Mazes */,
				05CBFDF31F26F7AD003EC66B /* MazesTests */,
				05CBFDDD1F26F7AD003EC66B /* Products */,
			);
			sourceTree = "<group>";
		};
		05CBFDDD1F26F7AD003EC66B /* Products */ = {
			isa = PBXGroup;
			children = (
				05CBFDDC1F26F7AD003EC66B /* Mazes.app */,
				05CBFDF01F26F7AD003EC66B /* MazesTests.xctest */,
			);
			name = Products;
			sourceTree = "<group>";
		};
		05CBFDDE1F26F7AD003EC66B /* Mazes */ = {
			isa = PBXGroup;
			children = (
				05D5AAAD1F2C5CB800456417 /* Views */,
				05CBFE121F2845FB003EC66B /* Algorithms */,
				05CBFE091F2777CA003EC66B /* Utils */,
				05CBFDFF1F26FA01003EC66B /* Model */,
				05CBFDDF1F26F7AD003EC66B /* AppDelegate.swift */,
				05CBFDE11F26F7AD003EC66B /* ViewController.swift */,
				05CBFDE31F26F7AD003EC66B /* Main.storyboard */,
				05CBFDE61F26F7AD003EC66B /* Assets.xcassets */,
				05CBFDE81F26F7AD003EC66B /* LaunchScreen.storyboard */,
				05CBFDEB1F26F7AD003EC66B /* Info.plist */,
			);
			path = Mazes;
			sourceTree = "<group>";
		};
		05CBFDF31F26F7AD003EC66B /* MazesTests */ = {
			isa = PBXGroup;
			children = (
				05CBFE151F285FBC003EC66B /* AlgorithmTests */,
				05CBFE041F27626F003EC66B /* ModelTests */,
				05CBFDF41F26F7AD003EC66B /* MazesTests.swift */,
				05CBFDF61F26F7AD003EC66B /* Info.plist */,
			);
			path = MazesTests;
			sourceTree = "<group>";
		};
		05CBFDFF1F26FA01003EC66B /* Model */ = {
			isa = PBXGroup;
			children = (
				05CBFE0E1F283E53003EC66B /* GridWrapper.swift */,
				05CBFE001F26FA13003EC66B /* GridConstructor.swift */,
				05CBFE021F26FA1E003EC66B /* Cell.swift */,
			);
			name = Model;
			sourceTree = "<group>";
		};
		05CBFE041F27626F003EC66B /* ModelTests */ = {
			isa = PBXGroup;
			children = (
				05CBFE051F27629F003EC66B /* CellTests.swift */,
				05CBFE0C1F283E37003EC66B /* GridConstructorTests.swift */,
			);
			name = ModelTests;
			sourceTree = "<group>";
		};
		05CBFE091F2777CA003EC66B /* Utils */ = {
			isa = PBXGroup;
			children = (
				05CBFE071F2777AF003EC66B /* Random.swift */,
				05CBFE181F2860BA003EC66B /* ArrayExtensions.swift */,
				053DBECC1F2F425700988200 /* UIViewExtensions.swift */,
			);
			name = Utils;
			sourceTree = "<group>";
		};
		05CBFE121F2845FB003EC66B /* Algorithms */ = {
			isa = PBXGroup;
			children = (
				05A197341F430DAD007326D1 /* Distances.swift */,
				05CBFE131F284645003EC66B /* BinaryTree.swift */,
				05CBFE1A1F287769003EC66B /* Sidewinder.swift */,
			);
			name = Algorithms;
			sourceTree = "<group>";
		};
		05CBFE151F285FBC003EC66B /* AlgorithmTests */ = {
			isa = PBXGroup;
			children = (
				05CBFE161F285FD8003EC66B /* AlgorithmsTests.swift */,
			);
			name = AlgorithmTests;
			sourceTree = "<group>";
		};
		05D5AAAD1F2C5CB800456417 /* Views */ = {
			isa = PBXGroup;
			children = (
				05D5AAAE1F2C5CCD00456417 /* MazeContainer.swift */,
			);
			name = Views;
			sourceTree = "<group>";
		};
/* End PBXGroup section */

/* Begin PBXNativeTarget section */
		05CBFDDB1F26F7AD003EC66B /* Mazes */ = {
			isa = PBXNativeTarget;
			buildConfigurationList = 05CBFDF91F26F7AD003EC66B /* Build configuration list for PBXNativeTarget "Mazes" */;
			buildPhases = (
				05CBFDD81F26F7AD003EC66B /* Sources */,
				05CBFDD91F26F7AD003EC66B /* Frameworks */,
				05CBFDDA1F26F7AD003EC66B /* Resources */,
			);
			buildRules = (
			);
			dependencies = (
			);
			name = Mazes;
			productName = Mazes;
			productReference = 05CBFDDC1F26F7AD003EC66B /* Mazes.app */;
			productType = "com.apple.product-type.application";
		};
		05CBFDEF1F26F7AD003EC66B /* MazesTests */ = {
			isa = PBXNativeTarget;
			buildConfigurationList = 05CBFDFC1F26F7AD003EC66B /* Build configuration list for PBXNativeTarget "MazesTests" */;
			buildPhases = (
				05CBFDEC1F26F7AD003EC66B /* Sources */,
				05CBFDED1F26F7AD003EC66B /* Frameworks */,
				05CBFDEE1F26F7AD003EC66B /* Resources */,
			);
			buildRules = (
			);
			dependencies = (
				05CBFDF21F26F7AD003EC66B /* PBXTargetDependency */,
			);
			name = MazesTests;
			productName = MazesTests;
			productReference = 05CBFDF01F26F7AD003EC66B /* MazesTests.xctest */;
			productType = "com.apple.product-type.bundle.unit-test";
		};
/* End PBXNativeTarget section */

/* Begin PBXProject section */
		05CBFDD41F26F7AD003EC66B /* Project object */ = {
			isa = PBXProject;
			attributes = {
				LastSwiftUpdateCheck = 0830;
				LastUpgradeCheck = 0830;
				ORGANIZATIONNAME = Nadia;
				TargetAttributes = {
					05CBFDDB1F26F7AD003EC66B = {
						CreatedOnToolsVersion = 8.3.3;
						DevelopmentTeam = 22PYTY33R8;
						ProvisioningStyle = Automatic;
					};
					05CBFDEF1F26F7AD003EC66B = {
						CreatedOnToolsVersion = 8.3.3;
						DevelopmentTeam = 22PYTY33R8;
						ProvisioningStyle = Automatic;
						TestTargetID = 05CBFDDB1F26F7AD003EC66B;
					};
				};
			};
			buildConfigurationList = 05CBFDD71F26F7AD003EC66B /* Build configuration list for PBXProject "Mazes" */;
			compatibilityVersion = "Xcode 3.2";
			developmentRegion = English;
			hasScannedForEncodings = 0;
			knownRegions = (
				en,
				Base,
			);
			mainGroup = 05CBFDD31F26F7AD003EC66B;
			productRefGroup = 05CBFDDD1F26F7AD003EC66B /* Products */;
			projectDirPath = "";
			projectRoot = "";
			targets = (
				05CBFDDB1F26F7AD003EC66B /* Mazes */,
				05CBFDEF1F26F7AD003EC66B /* MazesTests */,
			);
		};
/* End PBXProject section */

/* Begin PBXResourcesBuildPhase section */
		05CBFDDA1F26F7AD003EC66B /* Resources */ = {
			isa = PBXResourcesBuildPhase;
			buildActionMask = 2147483647;
			files = (
				05CBFDEA1F26F7AD003EC66B /* LaunchScreen.storyboard in Resources */,
				05CBFDE71F26F7AD003EC66B /* Assets.xcassets in Resources */,
				05CBFDE51F26F7AD003EC66B /* Main.storyboard in Resources */,
			);
			runOnlyForDeploymentPostprocessing = 0;
		};
		05CBFDEE1F26F7AD003EC66B /* Resources */ = {
			isa = PBXResourcesBuildPhase;
			buildActionMask = 2147483647;
			files = (
			);
			runOnlyForDeploymentPostprocessing = 0;
		};
/* End PBXResourcesBuildPhase section */

/* Begin PBXSourcesBuildPhase section */
		05CBFDD81F26F7AD003EC66B /* Sources */ = {
			isa = PBXSourcesBuildPhase;
			buildActionMask = 2147483647;
			files = (
				05D5AAAF1F2C5CCD00456417 /* MazeContainer.swift in Sources */,
				05CBFE081F2777AF003EC66B /* Random.swift in Sources */,
				05CBFDE21F26F7AD003EC66B /* ViewController.swift in Sources */,
				05CBFE031F26FA1E003EC66B /* Cell.swift in Sources */,
				05CBFE0F1F283E53003EC66B /* GridWrapper.swift in Sources */,
				05CBFE141F284645003EC66B /* BinaryTree.swift in Sources */,
				05CBFDE01F26F7AD003EC66B /* AppDelegate.swift in Sources */,
				05CBFE011F26FA13003EC66B /* GridConstructor.swift in Sources */,
				05A197351F430DAD007326D1 /* Distances.swift in Sources */,
				05CBFE191F2860BA003EC66B /* ArrayExtensions.swift in Sources */,
				05CBFE1B1F287769003EC66B /* Sidewinder.swift in Sources */,
				053DBECD1F2F425700988200 /* UIViewExtensions.swift in Sources */,
			);
			runOnlyForDeploymentPostprocessing = 0;
		};
		05CBFDEC1F26F7AD003EC66B /* Sources */ = {
			isa = PBXSourcesBuildPhase;
			buildActionMask = 2147483647;
			files = (
				05CBFE171F285FD8003EC66B /* AlgorithmsTests.swift in Sources */,
				05CBFE0D1F283E37003EC66B /* GridConstructorTests.swift in Sources */,
				05CBFDF51F26F7AD003EC66B /* MazesTests.swift in Sources */,
				05CBFE061F27629F003EC66B /* CellTests.swift in Sources */,
			);
			runOnlyForDeploymentPostprocessing = 0;
		};
/* End PBXSourcesBuildPhase section */

/* Begin PBXTargetDependency section */
		05CBFDF21F26F7AD003EC66B /* PBXTargetDependency */ = {
			isa = PBXTargetDependency;
			target = 05CBFDDB1F26F7AD003EC66B /* Mazes */;
			targetProxy = 05CBFDF11F26F7AD003EC66B /* PBXContainerItemProxy */;
		};
/* End PBXTargetDependency section */

/* Begin PBXVariantGroup section */
		05CBFDE31F26F7AD003EC66B /* Main.storyboard */ = {
			isa = PBXVariantGroup;
			children = (
				05CBFDE41F26F7AD003EC66B /* Base */,
			);
			name = Main.storyboard;
			sourceTree = "<group>";
		};
		05CBFDE81F26F7AD003EC66B /* LaunchScreen.storyboard */ = {
			isa = PBXVariantGroup;
			children = (
				05CBFDE91F26F7AD003EC66B /* Base */,
			);
			name = LaunchScreen.storyboard;
			sourceTree = "<group>";
		};
/* End PBXVariantGroup section */

/* Begin XCBuildConfiguration section */
		05CBFDF71F26F7AD003EC66B /* Debug */ = {
			isa = XCBuildConfiguration;
			buildSettings = {
				ALWAYS_SEARCH_USER_PATHS = NO;
				CLANG_ANALYZER_NONNULL = YES;
				CLANG_ANALYZER_NUMBER_OBJECT_CONVERSION = YES_AGGRESSIVE;
				CLANG_CXX_LANGUAGE_STANDARD = "gnu++0x";
				CLANG_CXX_LIBRARY = "libc++";
				CLANG_ENABLE_MODULES = YES;
				CLANG_ENABLE_OBJC_ARC = YES;
				CLANG_WARN_BOOL_CONVERSION = YES;
				CLANG_WARN_CONSTANT_CONVERSION = YES;
				CLANG_WARN_DIRECT_OBJC_ISA_USAGE = YES_ERROR;
				CLANG_WARN_DOCUMENTATION_COMMENTS = YES;
				CLANG_WARN_EMPTY_BODY = YES;
				CLANG_WARN_ENUM_CONVERSION = YES;
				CLANG_WARN_INFINITE_RECURSION = YES;
				CLANG_WARN_INT_CONVERSION = YES;
				CLANG_WARN_OBJC_ROOT_CLASS = YES_ERROR;
				CLANG_WARN_SUSPICIOUS_MOVE = YES;
				CLANG_WARN_UNREACHABLE_CODE = YES;
				CLANG_WARN__DUPLICATE_METHOD_MATCH = YES;
				"CODE_SIGN_IDENTITY[sdk=iphoneos*]" = "iPhone Developer";
				COPY_PHASE_STRIP = NO;
				DEBUG_INFORMATION_FORMAT = dwarf;
				ENABLE_STRICT_OBJC_MSGSEND = YES;
				ENABLE_TESTABILITY = YES;
				GCC_C_LANGUAGE_STANDARD = gnu99;
				GCC_DYNAMIC_NO_PIC = NO;
				GCC_NO_COMMON_BLOCKS = YES;
				GCC_OPTIMIZATION_LEVEL = 0;
				GCC_PREPROCESSOR_DEFINITIONS = (
					"DEBUG=1",
					"$(inherited)",
				);
				GCC_WARN_64_TO_32_BIT_CONVERSION = YES;
				GCC_WARN_ABOUT_RETURN_TYPE = YES_ERROR;
				GCC_WARN_UNDECLARED_SELECTOR = YES;
				GCC_WARN_UNINITIALIZED_AUTOS = YES_AGGRESSIVE;
				GCC_WARN_UNUSED_FUNCTION = YES;
				GCC_WARN_UNUSED_VARIABLE = YES;
				IPHONEOS_DEPLOYMENT_TARGET = 10.3;
				MTL_ENABLE_DEBUG_INFO = YES;
				ONLY_ACTIVE_ARCH = YES;
				SDKROOT = iphoneos;
				SWIFT_ACTIVE_COMPILATION_CONDITIONS = DEBUG;
				SWIFT_OPTIMIZATION_LEVEL = "-Onone";
				TARGETED_DEVICE_FAMILY = "1,2";
			};
			name = Debug;
		};
		05CBFDF81F26F7AD003EC66B /* Release */ = {
			isa = XCBuildConfiguration;
			buildSettings = {
				ALWAYS_SEARCH_USER_PATHS = NO;
				CLANG_ANALYZER_NONNULL = YES;
				CLANG_ANALYZER_NUMBER_OBJECT_CONVERSION = YES_AGGRESSIVE;
				CLANG_CXX_LANGUAGE_STANDARD = "gnu++0x";
				CLANG_CXX_LIBRARY = "libc++";
				CLANG_ENABLE_MODULES = YES;
				CLANG_ENABLE_OBJC_ARC = YES;
				CLANG_WARN_BOOL_CONVERSION = YES;
				CLANG_WARN_CONSTANT_CONVERSION = YES;
				CLANG_WARN_DIRECT_OBJC_ISA_USAGE = YES_ERROR;
				CLANG_WARN_DOCUMENTATION_COMMENTS = YES;
				CLANG_WARN_EMPTY_BODY = YES;
				CLANG_WARN_ENUM_CONVERSION = YES;
				CLANG_WARN_INFINITE_RECURSION = YES;
				CLANG_WARN_INT_CONVERSION = YES;
				CLANG_WARN_OBJC_ROOT_CLASS = YES_ERROR;
				CLANG_WARN_SUSPICIOUS_MOVE = YES;
				CLANG_WARN_UNREACHABLE_CODE = YES;
				CLANG_WARN__DUPLICATE_METHOD_MATCH = YES;
				"CODE_SIGN_IDENTITY[sdk=iphoneos*]" = "iPhone Developer";
				COPY_PHASE_STRIP = NO;
				DEBUG_INFORMATION_FORMAT = "dwarf-with-dsym";
				ENABLE_NS_ASSERTIONS = NO;
				ENABLE_STRICT_OBJC_MSGSEND = YES;
				GCC_C_LANGUAGE_STANDARD = gnu99;
				GCC_NO_COMMON_BLOCKS = YES;
				GCC_WARN_64_TO_32_BIT_CONVERSION = YES;
				GCC_WARN_ABOUT_RETURN_TYPE = YES_ERROR;
				GCC_WARN_UNDECLARED_SELECTOR = YES;
				GCC_WARN_UNINITIALIZED_AUTOS = YES_AGGRESSIVE;
				GCC_WARN_UNUSED_FUNCTION = YES;
				GCC_WARN_UNUSED_VARIABLE = YES;
				IPHONEOS_DEPLOYMENT_TARGET = 10.3;
				MTL_ENABLE_DEBUG_INFO = NO;
				SDKROOT = iphoneos;
				SWIFT_OPTIMIZATION_LEVEL = "-Owholemodule";
				TARGETED_DEVICE_FAMILY = "1,2";
				VALIDATE_PRODUCT = YES;
			};
			name = Release;
		};
		05CBFDFA1F26F7AD003EC66B /* Debug */ = {
			isa = XCBuildConfiguration;
			buildSettings = {
				ASSETCATALOG_COMPILER_APPICON_NAME = AppIcon;
				DEVELOPMENT_TEAM = 22PYTY33R8;
				INFOPLIST_FILE = Mazes/Info.plist;
				LD_RUNPATH_SEARCH_PATHS = "$(inherited) @executable_path/Frameworks";
				PRODUCT_BUNDLE_IDENTIFIER = self.edu.com.Mazes;
				PRODUCT_NAME = "$(TARGET_NAME)";
				SWIFT_VERSION = 3.0;
			};
			name = Debug;
		};
		05CBFDFB1F26F7AD003EC66B /* Release */ = {
			isa = XCBuildConfiguration;
			buildSettings = {
				ASSETCATALOG_COMPILER_APPICON_NAME = AppIcon;
				DEVELOPMENT_TEAM = 22PYTY33R8;
				INFOPLIST_FILE = Mazes/Info.plist;
				LD_RUNPATH_SEARCH_PATHS = "$(inherited) @executable_path/Frameworks";
				PRODUCT_BUNDLE_IDENTIFIER = self.edu.com.Mazes;
				PRODUCT_NAME = "$(TARGET_NAME)";
				SWIFT_VERSION = 3.0;
			};
			name = Release;
		};
		05CBFDFD1F26F7AD003EC66B /* Debug */ = {
			isa = XCBuildConfiguration;
			buildSettings = {
				ALWAYS_EMBED_SWIFT_STANDARD_LIBRARIES = YES;
				BUNDLE_LOADER = "$(TEST_HOST)";
				DEVELOPMENT_TEAM = 22PYTY33R8;
				INFOPLIST_FILE = MazesTests/Info.plist;
				LD_RUNPATH_SEARCH_PATHS = "$(inherited) @executable_path/Frameworks @loader_path/Frameworks";
				PRODUCT_BUNDLE_IDENTIFIER = self.edu.com.MazesTests;
				PRODUCT_NAME = "$(TARGET_NAME)";
				SWIFT_VERSION = 3.0;
				TEST_HOST = "$(BUILT_PRODUCTS_DIR)/Mazes.app/Mazes";
			};
			name = Debug;
		};
		05CBFDFE1F26F7AD003EC66B /* Release */ = {
			isa = XCBuildConfiguration;
			buildSettings = {
				ALWAYS_EMBED_SWIFT_STANDARD_LIBRARIES = YES;
				BUNDLE_LOADER = "$(TEST_HOST)";
				DEVELOPMENT_TEAM = 22PYTY33R8;
				INFOPLIST_FILE = MazesTests/Info.plist;
				LD_RUNPATH_SEARCH_PATHS = "$(inherited) @executable_path/Frameworks @loader_path/Frameworks";
				PRODUCT_BUNDLE_IDENTIFIER = self.edu.com.MazesTests;
				PRODUCT_NAME = "$(TARGET_NAME)";
				SWIFT_VERSION = 3.0;
				TEST_HOST = "$(BUILT_PRODUCTS_DIR)/Mazes.app/Mazes";
			};
			name = Release;
		};
/* End XCBuildConfiguration section */

/* Begin XCConfigurationList section */
		05CBFDD71F26F7AD003EC66B /* Build configuration list for PBXProject "Mazes" */ = {
			isa = XCConfigurationList;
			buildConfigurations = (
				05CBFDF71F26F7AD003EC66B /* Debug */,
				05CBFDF81F26F7AD003EC66B /* Release */,
			);
			defaultConfigurationIsVisible = 0;
			defaultConfigurationName = Release;
		};
		05CBFDF91F26F7AD003EC66B /* Build configuration list for PBXNativeTarget "Mazes" */ = {
			isa = XCConfigurationList;
			buildConfigurations = (
				05CBFDFA1F26F7AD003EC66B /* Debug */,
				05CBFDFB1F26F7AD003EC66B /* Release */,
			);
			defaultConfigurationIsVisible = 0;
			defaultConfigurationName = Release;
		};
		05CBFDFC1F26F7AD003EC66B /* Build configuration list for PBXNativeTarget "MazesTests" */ = {
			isa = XCConfigurationList;
			buildConfigurations = (
				05CBFDFD1F26F7AD003EC66B /* Debug */,
				05CBFDFE1F26F7AD003EC66B /* Release */,
			);
			defaultConfigurationIsVisible = 0;
			defaultConfigurationName = Release;
		};
/* End XCConfigurationList section */
	};
	rootObject = 05CBFDD41F26F7AD003EC66B /* Project object */;
}
